
Microsoft Visual Studio Solution File, Format Version 12.00
# Visual Studio 15
VisualStudioVersion = 15.0.26124.0
MinimumVisualStudioVersion = 15.0.26124.0
Project("{FAE04EC0-301F-11D3-BF4B-00C04F79EFBC}") = "DynamoDbBook.ECommerce", "DynamoDbBook.ECommerce\DynamoDbBook.ECommerce.csproj", "{06810CC8-8065-4BD6-8AA1-60073D4D274E}"
EndProject
Project("{FAE04EC0-301F-11D3-BF4B-00C04F79EFBC}") = "DynamoDbBook.ECommerce.Core", "DynamoDbBook.ECommerce.Core\DynamoDbBook.ECommerce.Core.csproj", "{21E66B7D-2930-435F-9082-065E51930BDF}"
EndProject
Project("{FAE04EC0-301F-11D3-BF4B-00C04F79EFBC}") = "DynamoDbBook.ECommerce.Serverless", "DynamoDbBook.ECommerce.Serverless\DynamoDbBook.ECommerce.Serverless.csproj", "{58E71DA8-5C78-4DB6-833F-C2FFE9F0EDCF}"
EndProject
Global
	GlobalSection(SolutionConfigurationPlatforms) = preSolution
		Debug|Any CPU = Debug|Any CPU
		Debug|x64 = Debug|x64
		Debug|x86 = Debug|x86
		Release|Any CPU = Release|Any CPU
		Release|x64 = Release|x64
		Release|x86 = Release|x86
	EndGlobalSection
	GlobalSection(SolutionProperties) = preSolution
		HideSolutionNode = FALSE
	EndGlobalSection
	GlobalSection(ProjectConfigurationPlatforms) = postSolution
		{06810CC8-8065-4BD6-8AA1-60073D4D274E}.Debug|Any CPU.ActiveCfg = Debug|Any CPU
		{06810CC8-8065-4BD6-8AA1-60073D4D274E}.Debug|Any CPU.Build.0 = Debug|Any CPU
		{06810CC8-8065-4BD6-8AA1-60073D4D274E}.Debug|x64.ActiveCfg = Debug|Any CPU
		{06810CC8-8065-4BD6-8AA1-60073D4D274E}.Debug|x64.Build.0 = Debug|Any CPU
		{06810CC8-8065-4BD6-8AA1-60073D4D274E}.Debug|x86.ActiveCfg = Debug|Any CPU
		{06810CC8-8065-4BD6-8AA1-60073D4D274E}.Debug|x86.Build.0 = Debug|Any CPU
		{06810CC8-8065-4BD6-8AA1-60073D4D274E}.Release|Any CPU.ActiveCfg = Release|Any CPU
		{06810CC8-8065-4BD6-8AA1-60073D4D274E}.Release|Any CPU.Build.0 = Release|Any CPU
		{06810CC8-8065-4BD6-8AA1-60073D4D274E}.Release|x64.ActiveCfg = Release|Any CPU
		{06810CC8-8065-4BD6-8AA1-60073D4D274E}.Release|x64.Build.0 = Release|Any CPU
		{06810CC8-8065-4BD6-8AA1-60073D4D274E}.Release|x86.ActiveCfg = Release|Any CPU
		{06810CC8-8065-4BD6-8AA1-60073D4D274E}.Release|x86.Build.0 = Release|Any CPU
		{21E66B7D-2930-435F-9082-065E51930BDF}.Debug|Any CPU.ActiveCfg = Debug|Any CPU
		{21E66B7D-2930-435F-9082-065E51930BDF}.Debug|Any CPU.Build.0 = Debug|Any CPU
		{21E66B7D-2930-435F-9082-065E51930BDF}.Debug|x64.ActiveCfg = Debug|Any CPU
		{21E66B7D-2930-435F-9082-065E51930BDF}.Debug|x64.Build.0 = Debug|Any CPU
		{21E66B7D-2930-435F-9082-065E51930BDF}.Debug|x86.ActiveCfg = Debug|Any CPU
		{21E66B7D-2930-435F-9082-065E51930BDF}.Debug|x86.Build.0 = Debug|Any CPU
		{21E66B7D-2930-435F-9082-065E51930BDF}.Release|Any CPU.ActiveCfg = Release|Any CPU
		{21E66B7D-2930-435F-9082-065E51930BDF}.Release|Any CPU.Build.0 = Release|Any CPU
		{21E66B7D-2930-435F-9082-065E51930BDF}.Release|x64.ActiveCfg = Release|Any CPU
		{21E66B7D-2930-435F-9082-065E51930BDF}.Release|x64.Build.0 = Release|Any CPU
		{21E66B7D-2930-435F-9082-065E51930BDF}.Release|x86.ActiveCfg = Release|Any CPU
		{21E66B7D-2930-435F-9082-065E51930BDF}.Release|x86.Build.0 = Release|Any CPU
		{58E71DA8-5C78-4DB6-833F-C2FFE9F0EDCF}.Debug|Any CPU.ActiveCfg = Debug|Any CPU
		{58E71DA8-5C78-4DB6-833F-C2FFE9F0EDCF}.Debug|Any CPU.Build.0 = Debug|Any CPU
		{58E71DA8-5C78-4DB6-833F-C2FFE9F0EDCF}.Debug|x64.ActiveCfg = Debug|Any CPU
		{58E71DA8-5C78-4DB6-833F-C2FFE9F0EDCF}.Debug|x64.Build.0 = Debug|Any CPU
		{58E71DA8-5C78-4DB6-833F-C2FFE9F0EDCF}.Debug|x86.ActiveCfg = Debug|Any CPU
		{58E71DA8-5C78-4DB6-833F-C2FFE9F0EDCF}.Debug|x86.Build.0 = Debug|Any CPU
		{58E71DA8-5C78-4DB6-833F-C2FFE9F0EDCF}.Release|Any CPU.ActiveCfg = Release|Any CPU
		{58E71DA8-5C78-4DB6-833F-C2FFE9F0EDCF}.Release|Any CPU.Build.0 = Release|Any CPU
		{58E71DA8-5C78-4DB6-833F-C2FFE9F0EDCF}.Release|x64.ActiveCfg = Release|Any CPU
		{58E71DA8-5C78-4DB6-833F-C2FFE9F0EDCF}.Release|x64.Build.0 = Release|Any CPU
		{58E71DA8-5C78-4DB6-833F-C2FFE9F0EDCF}.Release|x86.ActiveCfg = Release|Any CPU
		{58E71DA8-5C78-4DB6-833F-C2FFE9F0EDCF}.Release|x86.Build.0 = Release|Any CPU
	EndGlobalSection
EndGlobal
