
Microsoft Visual Studio Solution File, Format Version 12.00
# Visual Studio Version 16
VisualStudioVersion = 16.0.30011.22
MinimumVisualStudioVersion = 15.0.26124.0
Project("{2150E333-8FDC-42A3-9474-1A3956D46DE8}") = "src", "src", "{A693209E-6768-4040-BA7B-8E5ACEAC0546}"
EndProject
Project("{FAE04EC0-301F-11D3-BF4B-00C04F79EFBC}") = "DynamoDbBook.SessionStore", "src\SessionStore\DynamoDbBook.SessionStore\DynamoDbBook.SessionStore.csproj", "{9A347A89-A046-4C17-98CE-08F6EAEFBDB3}"
EndProject
Project("{2150E333-8FDC-42A3-9474-1A3956D46DE8}") = "SessionStore", "SessionStore", "{26B1DCBD-7E7A-4E4A-9E34-4CCA2AB4C054}"
EndProject
Project("{FAE04EC0-301F-11D3-BF4B-00C04F79EFBC}") = "DynamoDbBook.SessionStore.Setup", "src\SessionStore\DynamoDbBook.SessionStore.Setup\DynamoDbBook.SessionStore.Setup.csproj", "{28E90A3C-8EFD-4DD0-9BE5-9FCDD7301B2F}"
EndProject
Global
	GlobalSection(SolutionConfigurationPlatforms) = preSolution
		Debug|Any CPU = Debug|Any CPU
		Debug|x64 = Debug|x64
		Debug|x86 = Debug|x86
		Release|Any CPU = Release|Any CPU
		Release|x64 = Release|x64
		Release|x86 = Release|x86
	EndGlobalSection
	GlobalSection(ProjectConfigurationPlatforms) = postSolution
		{9A347A89-A046-4C17-98CE-08F6EAEFBDB3}.Debug|Any CPU.ActiveCfg = Debug|Any CPU
		{9A347A89-A046-4C17-98CE-08F6EAEFBDB3}.Debug|Any CPU.Build.0 = Debug|Any CPU
		{9A347A89-A046-4C17-98CE-08F6EAEFBDB3}.Debug|x64.ActiveCfg = Debug|Any CPU
		{9A347A89-A046-4C17-98CE-08F6EAEFBDB3}.Debug|x64.Build.0 = Debug|Any CPU
		{9A347A89-A046-4C17-98CE-08F6EAEFBDB3}.Debug|x86.ActiveCfg = Debug|Any CPU
		{9A347A89-A046-4C17-98CE-08F6EAEFBDB3}.Debug|x86.Build.0 = Debug|Any CPU
		{9A347A89-A046-4C17-98CE-08F6EAEFBDB3}.Release|Any CPU.ActiveCfg = Release|Any CPU
		{9A347A89-A046-4C17-98CE-08F6EAEFBDB3}.Release|Any CPU.Build.0 = Release|Any CPU
		{9A347A89-A046-4C17-98CE-08F6EAEFBDB3}.Release|x64.ActiveCfg = Release|Any CPU
		{9A347A89-A046-4C17-98CE-08F6EAEFBDB3}.Release|x64.Build.0 = Release|Any CPU
		{9A347A89-A046-4C17-98CE-08F6EAEFBDB3}.Release|x86.ActiveCfg = Release|Any CPU
		{9A347A89-A046-4C17-98CE-08F6EAEFBDB3}.Release|x86.Build.0 = Release|Any CPU
		{28E90A3C-8EFD-4DD0-9BE5-9FCDD7301B2F}.Debug|Any CPU.ActiveCfg = Debug|Any CPU
		{28E90A3C-8EFD-4DD0-9BE5-9FCDD7301B2F}.Debug|Any CPU.Build.0 = Debug|Any CPU
		{28E90A3C-8EFD-4DD0-9BE5-9FCDD7301B2F}.Debug|x64.ActiveCfg = Debug|Any CPU
		{28E90A3C-8EFD-4DD0-9BE5-9FCDD7301B2F}.Debug|x64.Build.0 = Debug|Any CPU
		{28E90A3C-8EFD-4DD0-9BE5-9FCDD7301B2F}.Debug|x86.ActiveCfg = Debug|Any CPU
		{28E90A3C-8EFD-4DD0-9BE5-9FCDD7301B2F}.Debug|x86.Build.0 = Debug|Any CPU
		{28E90A3C-8EFD-4DD0-9BE5-9FCDD7301B2F}.Release|Any CPU.ActiveCfg = Release|Any CPU
		{28E90A3C-8EFD-4DD0-9BE5-9FCDD7301B2F}.Release|Any CPU.Build.0 = Release|Any CPU
		{28E90A3C-8EFD-4DD0-9BE5-9FCDD7301B2F}.Release|x64.ActiveCfg = Release|Any CPU
		{28E90A3C-8EFD-4DD0-9BE5-9FCDD7301B2F}.Release|x64.Build.0 = Release|Any CPU
		{28E90A3C-8EFD-4DD0-9BE5-9FCDD7301B2F}.Release|x86.ActiveCfg = Release|Any CPU
		{28E90A3C-8EFD-4DD0-9BE5-9FCDD7301B2F}.Release|x86.Build.0 = Release|Any CPU
	EndGlobalSection
	GlobalSection(SolutionProperties) = preSolution
		HideSolutionNode = FALSE
	EndGlobalSection
	GlobalSection(NestedProjects) = preSolution
		{9A347A89-A046-4C17-98CE-08F6EAEFBDB3} = {26B1DCBD-7E7A-4E4A-9E34-4CCA2AB4C054}
		{26B1DCBD-7E7A-4E4A-9E34-4CCA2AB4C054} = {A693209E-6768-4040-BA7B-8E5ACEAC0546}
		{28E90A3C-8EFD-4DD0-9BE5-9FCDD7301B2F} = {26B1DCBD-7E7A-4E4A-9E34-4CCA2AB4C054}
	EndGlobalSection
	GlobalSection(ExtensibilityGlobals) = postSolution
		SolutionGuid = {FFE411D5-7387-4896-9338-D3A09D92FDDD}
	EndGlobalSection
EndGlobal
