
Microsoft Visual Studio Solution File, Format Version 12.00
# Visual Studio Version 16
VisualStudioVersion = 16.0.30011.22
MinimumVisualStudioVersion = 15.0.26124.0
Project("{2150E333-8FDC-42A3-9474-1A3956D46DE8}") = "src", "src", "{A693209E-6768-4040-BA7B-8E5ACEAC0546}"
EndProject
Project("{9A19103F-16F7-4668-BE54-9A1E7A4F7556}") = "DynamoDbBook.SessionStore", "src\SessionStore\DynamoDbBook.SessionStore\DynamoDbBook.SessionStore.csproj", "{9A347A89-A046-4C17-98CE-08F6EAEFBDB3}"
EndProject
Project("{2150E333-8FDC-42A3-9474-1A3956D46DE8}") = "SessionStore", "SessionStore", "{26B1DCBD-7E7A-4E4A-9E34-4CCA2AB4C054}"
EndProject
Project("{9A19103F-16F7-4668-BE54-9A1E7A4F7556}") = "DynamoDbBook.SessionStore.Setup", "src\SessionStore\DynamoDbBook.SessionStore.Setup\DynamoDbBook.SessionStore.Setup.csproj", "{28E90A3C-8EFD-4DD0-9BE5-9FCDD7301B2F}"
EndProject
Project("{2150E333-8FDC-42A3-9474-1A3956D46DE8}") = "E-Commerce", "E-Commerce", "{3FDDFB2E-C01B-4C72-9B8E-27868DEA0C8A}"
EndProject
Project("{9A19103F-16F7-4668-BE54-9A1E7A4F7556}") = "DynamoDbBook.ECommerce", "src\ECommerce\DynamoDbBook.ECommerce\DynamoDbBook.ECommerce.csproj", "{EA648AD8-AE95-41E6-8A47-6A09A9DBA7BA}"
EndProject
Project("{2150E333-8FDC-42A3-9474-1A3956D46DE8}") = "docs", "docs", "{C7A1820E-E99B-41CD-8A6B-6E8A1103BCFD}"
	ProjectSection(SolutionItems) = preProject
		..\..\..\..\Desktop\DynamoDbBook.postman_collection.json = ..\..\..\..\Desktop\DynamoDbBook.postman_collection.json
	EndProjectSection
EndProject
Project("{9A19103F-16F7-4668-BE54-9A1E7A4F7556}") = "DynamoDbBook.SharedKernel", "src\DynamoDbBook.SharedKernel\DynamoDbBook.SharedKernel.csproj", "{123E539B-E28C-46F8-A04A-687F2DBCAFCC}"
EndProject
Project("{9A19103F-16F7-4668-BE54-9A1E7A4F7556}") = "DynamoDbBook.ECommerce.Setup", "src\ECommerce\DynamoDbBook.ECommerce.Setup\DynamoDbBook.ECommerce.Setup.csproj", "{3CE777BA-6CFC-41CF-AAFC-0EF216CA12D1}"
EndProject
Project("{2150E333-8FDC-42A3-9474-1A3956D46DE8}") = "BigDeals", "BigDeals", "{3233727E-23FE-4222-A5F2-0D5098C587F5}"
EndProject
Project("{9A19103F-16F7-4668-BE54-9A1E7A4F7556}") = "DynamoDbBook.BigDeals", "src\BigDeals\DynamoDbBook.BigDeals\DynamoDbBook.BigDeals.csproj", "{00FB0955-3638-4333-9A62-BFAD3672E6F4}"
EndProject
Project("{9A19103F-16F7-4668-BE54-9A1E7A4F7556}") = "DynamoDbBook.BigDeals.Setup", "src\BigDeals\DynamoDbBook.BigDeals.Setup\DynamoDbBook.BigDeals.Setup.csproj", "{B0843E42-DF9F-4FA3-9326-0A24BEA956EA}"
EndProject
Project("{2150E333-8FDC-42A3-9474-1A3956D46DE8}") = "GitHub", "GitHub", "{DB2B88D3-FE21-49BA-8C17-40F282A614F3}"
EndProject
Project("{9A19103F-16F7-4668-BE54-9A1E7A4F7556}") = "DynamoDbBook.GitHub", "src\GitHub\DynamoDbBook.GitHub\DynamoDbBook.GitHub.csproj", "{64BF6E76-4081-4EA7-BE94-D2CB4E249083}"
EndProject
Project("{9A19103F-16F7-4668-BE54-9A1E7A4F7556}") = "DynamoDbBook.GitHub.LocalSetup", "src\GitHub\DynamoDbBook.GitHub.LocalSetup\DynamoDbBook.GitHub.LocalSetup.csproj", "{C0FC7607-96A1-4D88-8C87-20470C8D4390}"
EndProject
Project("{9A19103F-16F7-4668-BE54-9A1E7A4F7556}") = "DynamoDbBook.SessionStore.Serverless", "src\SessionStore\DynamoDbBook.SessionStore.Serverless\DynamoDbBook.SessionStore.Serverless.csproj", "{3FF0898F-355D-4E3A-8A6A-7DDE3259C3CD}"
EndProject
Global
	GlobalSection(SolutionConfigurationPlatforms) = preSolution
		Debug|Any CPU = Debug|Any CPU
		Debug|x64 = Debug|x64
		Debug|x86 = Debug|x86
		Release|Any CPU = Release|Any CPU
		Release|x64 = Release|x64
		Release|x86 = Release|x86
	EndGlobalSection
	GlobalSection(ProjectConfigurationPlatforms) = postSolution
		{9A347A89-A046-4C17-98CE-08F6EAEFBDB3}.Debug|Any CPU.ActiveCfg = Debug|Any CPU
		{9A347A89-A046-4C17-98CE-08F6EAEFBDB3}.Debug|Any CPU.Build.0 = Debug|Any CPU
		{9A347A89-A046-4C17-98CE-08F6EAEFBDB3}.Debug|x64.ActiveCfg = Debug|Any CPU
		{9A347A89-A046-4C17-98CE-08F6EAEFBDB3}.Debug|x64.Build.0 = Debug|Any CPU
		{9A347A89-A046-4C17-98CE-08F6EAEFBDB3}.Debug|x86.ActiveCfg = Debug|Any CPU
		{9A347A89-A046-4C17-98CE-08F6EAEFBDB3}.Debug|x86.Build.0 = Debug|Any CPU
		{9A347A89-A046-4C17-98CE-08F6EAEFBDB3}.Release|Any CPU.ActiveCfg = Release|Any CPU
		{9A347A89-A046-4C17-98CE-08F6EAEFBDB3}.Release|Any CPU.Build.0 = Release|Any CPU
		{9A347A89-A046-4C17-98CE-08F6EAEFBDB3}.Release|x64.ActiveCfg = Release|Any CPU
		{9A347A89-A046-4C17-98CE-08F6EAEFBDB3}.Release|x64.Build.0 = Release|Any CPU
		{9A347A89-A046-4C17-98CE-08F6EAEFBDB3}.Release|x86.ActiveCfg = Release|Any CPU
		{9A347A89-A046-4C17-98CE-08F6EAEFBDB3}.Release|x86.Build.0 = Release|Any CPU
		{28E90A3C-8EFD-4DD0-9BE5-9FCDD7301B2F}.Debug|Any CPU.ActiveCfg = Debug|Any CPU
		{28E90A3C-8EFD-4DD0-9BE5-9FCDD7301B2F}.Debug|Any CPU.Build.0 = Debug|Any CPU
		{28E90A3C-8EFD-4DD0-9BE5-9FCDD7301B2F}.Debug|x64.ActiveCfg = Debug|Any CPU
		{28E90A3C-8EFD-4DD0-9BE5-9FCDD7301B2F}.Debug|x64.Build.0 = Debug|Any CPU
		{28E90A3C-8EFD-4DD0-9BE5-9FCDD7301B2F}.Debug|x86.ActiveCfg = Debug|Any CPU
		{28E90A3C-8EFD-4DD0-9BE5-9FCDD7301B2F}.Debug|x86.Build.0 = Debug|Any CPU
		{28E90A3C-8EFD-4DD0-9BE5-9FCDD7301B2F}.Release|Any CPU.ActiveCfg = Release|Any CPU
		{28E90A3C-8EFD-4DD0-9BE5-9FCDD7301B2F}.Release|Any CPU.Build.0 = Release|Any CPU
		{28E90A3C-8EFD-4DD0-9BE5-9FCDD7301B2F}.Release|x64.ActiveCfg = Release|Any CPU
		{28E90A3C-8EFD-4DD0-9BE5-9FCDD7301B2F}.Release|x64.Build.0 = Release|Any CPU
		{28E90A3C-8EFD-4DD0-9BE5-9FCDD7301B2F}.Release|x86.ActiveCfg = Release|Any CPU
		{28E90A3C-8EFD-4DD0-9BE5-9FCDD7301B2F}.Release|x86.Build.0 = Release|Any CPU
		{EA648AD8-AE95-41E6-8A47-6A09A9DBA7BA}.Debug|Any CPU.ActiveCfg = Debug|Any CPU
		{EA648AD8-AE95-41E6-8A47-6A09A9DBA7BA}.Debug|Any CPU.Build.0 = Debug|Any CPU
		{EA648AD8-AE95-41E6-8A47-6A09A9DBA7BA}.Debug|x64.ActiveCfg = Debug|Any CPU
		{EA648AD8-AE95-41E6-8A47-6A09A9DBA7BA}.Debug|x64.Build.0 = Debug|Any CPU
		{EA648AD8-AE95-41E6-8A47-6A09A9DBA7BA}.Debug|x86.ActiveCfg = Debug|Any CPU
		{EA648AD8-AE95-41E6-8A47-6A09A9DBA7BA}.Debug|x86.Build.0 = Debug|Any CPU
		{EA648AD8-AE95-41E6-8A47-6A09A9DBA7BA}.Release|Any CPU.ActiveCfg = Release|Any CPU
		{EA648AD8-AE95-41E6-8A47-6A09A9DBA7BA}.Release|Any CPU.Build.0 = Release|Any CPU
		{EA648AD8-AE95-41E6-8A47-6A09A9DBA7BA}.Release|x64.ActiveCfg = Release|Any CPU
		{EA648AD8-AE95-41E6-8A47-6A09A9DBA7BA}.Release|x64.Build.0 = Release|Any CPU
		{EA648AD8-AE95-41E6-8A47-6A09A9DBA7BA}.Release|x86.ActiveCfg = Release|Any CPU
		{EA648AD8-AE95-41E6-8A47-6A09A9DBA7BA}.Release|x86.Build.0 = Release|Any CPU
		{123E539B-E28C-46F8-A04A-687F2DBCAFCC}.Debug|Any CPU.ActiveCfg = Debug|Any CPU
		{123E539B-E28C-46F8-A04A-687F2DBCAFCC}.Debug|Any CPU.Build.0 = Debug|Any CPU
		{123E539B-E28C-46F8-A04A-687F2DBCAFCC}.Debug|x64.ActiveCfg = Debug|Any CPU
		{123E539B-E28C-46F8-A04A-687F2DBCAFCC}.Debug|x64.Build.0 = Debug|Any CPU
		{123E539B-E28C-46F8-A04A-687F2DBCAFCC}.Debug|x86.ActiveCfg = Debug|Any CPU
		{123E539B-E28C-46F8-A04A-687F2DBCAFCC}.Debug|x86.Build.0 = Debug|Any CPU
		{123E539B-E28C-46F8-A04A-687F2DBCAFCC}.Release|Any CPU.ActiveCfg = Release|Any CPU
		{123E539B-E28C-46F8-A04A-687F2DBCAFCC}.Release|Any CPU.Build.0 = Release|Any CPU
		{123E539B-E28C-46F8-A04A-687F2DBCAFCC}.Release|x64.ActiveCfg = Release|Any CPU
		{123E539B-E28C-46F8-A04A-687F2DBCAFCC}.Release|x64.Build.0 = Release|Any CPU
		{123E539B-E28C-46F8-A04A-687F2DBCAFCC}.Release|x86.ActiveCfg = Release|Any CPU
		{123E539B-E28C-46F8-A04A-687F2DBCAFCC}.Release|x86.Build.0 = Release|Any CPU
		{3CE777BA-6CFC-41CF-AAFC-0EF216CA12D1}.Debug|Any CPU.ActiveCfg = Debug|Any CPU
		{3CE777BA-6CFC-41CF-AAFC-0EF216CA12D1}.Debug|Any CPU.Build.0 = Debug|Any CPU
		{3CE777BA-6CFC-41CF-AAFC-0EF216CA12D1}.Debug|x64.ActiveCfg = Debug|Any CPU
		{3CE777BA-6CFC-41CF-AAFC-0EF216CA12D1}.Debug|x64.Build.0 = Debug|Any CPU
		{3CE777BA-6CFC-41CF-AAFC-0EF216CA12D1}.Debug|x86.ActiveCfg = Debug|Any CPU
		{3CE777BA-6CFC-41CF-AAFC-0EF216CA12D1}.Debug|x86.Build.0 = Debug|Any CPU
		{3CE777BA-6CFC-41CF-AAFC-0EF216CA12D1}.Release|Any CPU.ActiveCfg = Release|Any CPU
		{3CE777BA-6CFC-41CF-AAFC-0EF216CA12D1}.Release|Any CPU.Build.0 = Release|Any CPU
		{3CE777BA-6CFC-41CF-AAFC-0EF216CA12D1}.Release|x64.ActiveCfg = Release|Any CPU
		{3CE777BA-6CFC-41CF-AAFC-0EF216CA12D1}.Release|x64.Build.0 = Release|Any CPU
		{3CE777BA-6CFC-41CF-AAFC-0EF216CA12D1}.Release|x86.ActiveCfg = Release|Any CPU
		{3CE777BA-6CFC-41CF-AAFC-0EF216CA12D1}.Release|x86.Build.0 = Release|Any CPU
		{00FB0955-3638-4333-9A62-BFAD3672E6F4}.Debug|Any CPU.ActiveCfg = Debug|Any CPU
		{00FB0955-3638-4333-9A62-BFAD3672E6F4}.Debug|Any CPU.Build.0 = Debug|Any CPU
		{00FB0955-3638-4333-9A62-BFAD3672E6F4}.Debug|x64.ActiveCfg = Debug|Any CPU
		{00FB0955-3638-4333-9A62-BFAD3672E6F4}.Debug|x64.Build.0 = Debug|Any CPU
		{00FB0955-3638-4333-9A62-BFAD3672E6F4}.Debug|x86.ActiveCfg = Debug|Any CPU
		{00FB0955-3638-4333-9A62-BFAD3672E6F4}.Debug|x86.Build.0 = Debug|Any CPU
		{00FB0955-3638-4333-9A62-BFAD3672E6F4}.Release|Any CPU.ActiveCfg = Release|Any CPU
		{00FB0955-3638-4333-9A62-BFAD3672E6F4}.Release|Any CPU.Build.0 = Release|Any CPU
		{00FB0955-3638-4333-9A62-BFAD3672E6F4}.Release|x64.ActiveCfg = Release|Any CPU
		{00FB0955-3638-4333-9A62-BFAD3672E6F4}.Release|x64.Build.0 = Release|Any CPU
		{00FB0955-3638-4333-9A62-BFAD3672E6F4}.Release|x86.ActiveCfg = Release|Any CPU
		{00FB0955-3638-4333-9A62-BFAD3672E6F4}.Release|x86.Build.0 = Release|Any CPU
		{B0843E42-DF9F-4FA3-9326-0A24BEA956EA}.Debug|Any CPU.ActiveCfg = Debug|Any CPU
		{B0843E42-DF9F-4FA3-9326-0A24BEA956EA}.Debug|Any CPU.Build.0 = Debug|Any CPU
		{B0843E42-DF9F-4FA3-9326-0A24BEA956EA}.Debug|x64.ActiveCfg = Debug|Any CPU
		{B0843E42-DF9F-4FA3-9326-0A24BEA956EA}.Debug|x64.Build.0 = Debug|Any CPU
		{B0843E42-DF9F-4FA3-9326-0A24BEA956EA}.Debug|x86.ActiveCfg = Debug|Any CPU
		{B0843E42-DF9F-4FA3-9326-0A24BEA956EA}.Debug|x86.Build.0 = Debug|Any CPU
		{B0843E42-DF9F-4FA3-9326-0A24BEA956EA}.Release|Any CPU.ActiveCfg = Release|Any CPU
		{B0843E42-DF9F-4FA3-9326-0A24BEA956EA}.Release|Any CPU.Build.0 = Release|Any CPU
		{B0843E42-DF9F-4FA3-9326-0A24BEA956EA}.Release|x64.ActiveCfg = Release|Any CPU
		{B0843E42-DF9F-4FA3-9326-0A24BEA956EA}.Release|x64.Build.0 = Release|Any CPU
		{B0843E42-DF9F-4FA3-9326-0A24BEA956EA}.Release|x86.ActiveCfg = Release|Any CPU
		{B0843E42-DF9F-4FA3-9326-0A24BEA956EA}.Release|x86.Build.0 = Release|Any CPU
		{64BF6E76-4081-4EA7-BE94-D2CB4E249083}.Debug|Any CPU.ActiveCfg = Debug|Any CPU
		{64BF6E76-4081-4EA7-BE94-D2CB4E249083}.Debug|Any CPU.Build.0 = Debug|Any CPU
		{64BF6E76-4081-4EA7-BE94-D2CB4E249083}.Debug|x64.ActiveCfg = Debug|Any CPU
		{64BF6E76-4081-4EA7-BE94-D2CB4E249083}.Debug|x64.Build.0 = Debug|Any CPU
		{64BF6E76-4081-4EA7-BE94-D2CB4E249083}.Debug|x86.ActiveCfg = Debug|Any CPU
		{64BF6E76-4081-4EA7-BE94-D2CB4E249083}.Debug|x86.Build.0 = Debug|Any CPU
		{64BF6E76-4081-4EA7-BE94-D2CB4E249083}.Release|Any CPU.ActiveCfg = Release|Any CPU
		{64BF6E76-4081-4EA7-BE94-D2CB4E249083}.Release|Any CPU.Build.0 = Release|Any CPU
		{64BF6E76-4081-4EA7-BE94-D2CB4E249083}.Release|x64.ActiveCfg = Release|Any CPU
		{64BF6E76-4081-4EA7-BE94-D2CB4E249083}.Release|x64.Build.0 = Release|Any CPU
		{64BF6E76-4081-4EA7-BE94-D2CB4E249083}.Release|x86.ActiveCfg = Release|Any CPU
		{64BF6E76-4081-4EA7-BE94-D2CB4E249083}.Release|x86.Build.0 = Release|Any CPU
		{C0FC7607-96A1-4D88-8C87-20470C8D4390}.Debug|Any CPU.ActiveCfg = Debug|Any CPU
		{C0FC7607-96A1-4D88-8C87-20470C8D4390}.Debug|Any CPU.Build.0 = Debug|Any CPU
		{C0FC7607-96A1-4D88-8C87-20470C8D4390}.Debug|x64.ActiveCfg = Debug|Any CPU
		{C0FC7607-96A1-4D88-8C87-20470C8D4390}.Debug|x64.Build.0 = Debug|Any CPU
		{C0FC7607-96A1-4D88-8C87-20470C8D4390}.Debug|x86.ActiveCfg = Debug|Any CPU
		{C0FC7607-96A1-4D88-8C87-20470C8D4390}.Debug|x86.Build.0 = Debug|Any CPU
		{C0FC7607-96A1-4D88-8C87-20470C8D4390}.Release|Any CPU.ActiveCfg = Release|Any CPU
		{C0FC7607-96A1-4D88-8C87-20470C8D4390}.Release|Any CPU.Build.0 = Release|Any CPU
		{C0FC7607-96A1-4D88-8C87-20470C8D4390}.Release|x64.ActiveCfg = Release|Any CPU
		{C0FC7607-96A1-4D88-8C87-20470C8D4390}.Release|x64.Build.0 = Release|Any CPU
		{C0FC7607-96A1-4D88-8C87-20470C8D4390}.Release|x86.ActiveCfg = Release|Any CPU
		{C0FC7607-96A1-4D88-8C87-20470C8D4390}.Release|x86.Build.0 = Release|Any CPU
		{3FF0898F-355D-4E3A-8A6A-7DDE3259C3CD}.Debug|Any CPU.ActiveCfg = Debug|Any CPU
		{3FF0898F-355D-4E3A-8A6A-7DDE3259C3CD}.Debug|Any CPU.Build.0 = Debug|Any CPU
		{3FF0898F-355D-4E3A-8A6A-7DDE3259C3CD}.Debug|x64.ActiveCfg = Debug|Any CPU
		{3FF0898F-355D-4E3A-8A6A-7DDE3259C3CD}.Debug|x64.Build.0 = Debug|Any CPU
		{3FF0898F-355D-4E3A-8A6A-7DDE3259C3CD}.Debug|x86.ActiveCfg = Debug|Any CPU
		{3FF0898F-355D-4E3A-8A6A-7DDE3259C3CD}.Debug|x86.Build.0 = Debug|Any CPU
		{3FF0898F-355D-4E3A-8A6A-7DDE3259C3CD}.Release|Any CPU.ActiveCfg = Release|Any CPU
		{3FF0898F-355D-4E3A-8A6A-7DDE3259C3CD}.Release|Any CPU.Build.0 = Release|Any CPU
		{3FF0898F-355D-4E3A-8A6A-7DDE3259C3CD}.Release|x64.ActiveCfg = Release|Any CPU
		{3FF0898F-355D-4E3A-8A6A-7DDE3259C3CD}.Release|x64.Build.0 = Release|Any CPU
		{3FF0898F-355D-4E3A-8A6A-7DDE3259C3CD}.Release|x86.ActiveCfg = Release|Any CPU
		{3FF0898F-355D-4E3A-8A6A-7DDE3259C3CD}.Release|x86.Build.0 = Release|Any CPU
	EndGlobalSection
	GlobalSection(SolutionProperties) = preSolution
		HideSolutionNode = FALSE
	EndGlobalSection
	GlobalSection(NestedProjects) = preSolution
		{9A347A89-A046-4C17-98CE-08F6EAEFBDB3} = {26B1DCBD-7E7A-4E4A-9E34-4CCA2AB4C054}
		{26B1DCBD-7E7A-4E4A-9E34-4CCA2AB4C054} = {A693209E-6768-4040-BA7B-8E5ACEAC0546}
		{28E90A3C-8EFD-4DD0-9BE5-9FCDD7301B2F} = {26B1DCBD-7E7A-4E4A-9E34-4CCA2AB4C054}
		{3FDDFB2E-C01B-4C72-9B8E-27868DEA0C8A} = {DB2B88D3-FE21-49BA-8C17-40F282A614F3}
		{EA648AD8-AE95-41E6-8A47-6A09A9DBA7BA} = {3FDDFB2E-C01B-4C72-9B8E-27868DEA0C8A}
		{C7A1820E-E99B-41CD-8A6B-6E8A1103BCFD} = {26B1DCBD-7E7A-4E4A-9E34-4CCA2AB4C054}
		{123E539B-E28C-46F8-A04A-687F2DBCAFCC} = {A693209E-6768-4040-BA7B-8E5ACEAC0546}
		{3CE777BA-6CFC-41CF-AAFC-0EF216CA12D1} = {3FDDFB2E-C01B-4C72-9B8E-27868DEA0C8A}
		{3233727E-23FE-4222-A5F2-0D5098C587F5} = {A693209E-6768-4040-BA7B-8E5ACEAC0546}
		{00FB0955-3638-4333-9A62-BFAD3672E6F4} = {3233727E-23FE-4222-A5F2-0D5098C587F5}
		{B0843E42-DF9F-4FA3-9326-0A24BEA956EA} = {3233727E-23FE-4222-A5F2-0D5098C587F5}
		{DB2B88D3-FE21-49BA-8C17-40F282A614F3} = {A693209E-6768-4040-BA7B-8E5ACEAC0546}
		{64BF6E76-4081-4EA7-BE94-D2CB4E249083} = {DB2B88D3-FE21-49BA-8C17-40F282A614F3}
		{C0FC7607-96A1-4D88-8C87-20470C8D4390} = {DB2B88D3-FE21-49BA-8C17-40F282A614F3}
		{3FF0898F-355D-4E3A-8A6A-7DDE3259C3CD} = {26B1DCBD-7E7A-4E4A-9E34-4CCA2AB4C054}
	EndGlobalSection
	GlobalSection(ExtensibilityGlobals) = postSolution
		SolutionGuid = {FFE411D5-7387-4896-9338-D3A09D92FDDD}
	EndGlobalSection
EndGlobal
